// !$*UTF8*$!
{
	archiveVersion = 1;
	classes = {
	};
	objectVersion = 56;
	objects = {

/* Begin PBXBuildFile section */
		FF0000040000000000000000 /* ContentView.swift in Sources */ = {isa = PBXBuildFile; fileRef = FF0000010000000000000000 /* ContentView.swift */; };
		FF0000050000000000000000 /* NeuroPilotApp.swift in Sources */ = {isa = PBXBuildFile; fileRef = FF0000020000000000000000 /* NeuroPilotApp.swift */; };
		FF0000060000000000000000 /* Assets.xcassets in Resources */ = {isa = PBXBuildFile; fileRef = FF0000030000000000000000 /* Assets.xcassets */; };
/* End PBXBuildFile section */

/* Begin PBXFileReference section */
		EA2672552FA03B5D009DB243 /* NeuroPilot.app */ = {isa = PBXFileReference; explicitFileType = wrapper.application; includeInIndex = 0; path = NeuroPilot.app; sourceTree = BUILT_PRODUCTS_DIR; };
		FF0000010000000000000000 /* ContentView.swift */ = {isa = PBXFileReference; lastKnownFileType = sourcecode.swift; path = ContentView.swift; sourceTree = "<group>"; };
		FF0000020000000000000000 /* NeuroPilotApp.swift */ = {isa = PBXFileReference; lastKnownFileType = sourcecode.swift; path = NeuroPilotApp.swift; sourceTree = "<group>"; };
		FF0000030000000000000000 /* Assets.xcassets */ = {isa = PBXFileReference; lastKnownFileType = folder.assetcatalog; path = Assets.xcassets; sourceTree = "<group>"; };
/* End PBXFileReference section */

/* Begin PBXFrameworksBuildPhase section */
		EA2672522FA03B5D009DB243 /* Frameworks */ = {
			isa = PBXFrameworksBuildPhase;
			buildActionMask = 2147483647;
			files = (
			);
			runOnlyForDeploymentPostprocessing = 0;
		};
/* End PBXFrameworksBuildPhase section */

/* Begin PBXGroup section */
		EA26724C2FA03B5D009DB243 = {
			isa = PBXGroup;
			children = (
				EA2672572FA03B5D009DB243 /* NeuroPilot */,
				EA2672562FA03B5D009DB243 /* Products */,
			);
			sourceTree = "<group>";
		};
		EA2672562FA03B5D009DB243 /* Products */ = {
			isa = PBXGroup;
			children = (
				EA2672552FA03B5D009DB243 /* NeuroPilot.app */,
			);
			name = Products;
			sourceTree = "<group>";
		};
		EA2672572FA03B5D009DB243 /* NeuroPilot */ = {
			isa = PBXGroup;
			children = (
				FF0000020000000000000000 /* NeuroPilotApp.swift */,
				FF0000010000000000000000 /* ContentView.swift */,
				FF0000030000000000000000 /* Assets.xcassets */,
			);
			path = NeuroPilot;
			sourceTree = "<group>";
		};
/* End PBXGroup section */

/* Begin PBXNativeTarget section */
		EA2672542FA03B5D009DB243 /* NeuroPilot */ = {
			isa = PBXNativeTarget;
			buildConfigurationList = EA2672602FA03B5D009DB243 /* Build configuration list for PBXNativeTarget "NeuroPilot" */;
			buildPhases = (
				EA2672512FA03B5D009DB243 /* Sources */,
				EA2672522FA03B5D009DB243 /* Frameworks */,
				EA2672532FA03B5D009DB243 /* Resources */,
			);
			buildRules = (
			);
			dependencies = (
			);
			name = NeuroPilot;
			productName = NeuroPilot;
			productReference = EA2672552FA03B5D009DB243 /* NeuroPilot.app */;
			productType = "com.apple.product-type.application";
		};
/* End PBXNativeTarget section */

/* Begin PBXProject section */
		EA26724D2FA03B5D009DB243 /* Project object */ = {
			isa = PBXProject;
			attributes = {
				BuildIndependentTargetsInParallel = 1;
				LastSwiftUpdateCheck = 1540;
				LastUpgradeCheck = 1540;
			};
			buildConfigurationList = EA2672502FA03B5D009DB243 /* Build configuration list for PBXProject "NeuroPilot" */;
			developmentRegion = en;
			hasScannedForEncodings = 0;
			knownRegions = (
				en,
				Base,
			);
			mainGroup = EA26724C2FA03B5D009DB243;
			minimizedProjectReferenceProxies = 1;
			preferredProjectObjectVersion = 56;
			productRefGroup = EA2672562FA03B5D009DB243 /* Products */;
			projectDirPath = "";
			projectRoot = "";
			targets = (
				EA2672542FA03B5D009DB243 /* NeuroPilot */,
			);
		};
/* End PBXProject section */

/* Begin PBXResourcesBuildPhase section */
		EA2672532FA03B5D009DB243 /* Resources */ = {
			isa = PBXResourcesBuildPhase;
			buildActionMask = 2147483647;
			files = (
				FF0000060000000000000000 /* Assets.xcassets in Resources */,
			);
			runOnlyForDeploymentPostprocessing = 0;
		};
/* End PBXResourcesBuildPhase section */

/* Begin PBXSourcesBuildPhase section */
		EA2672512FA03B5D009DB243 /* Sources */ = {
			isa = PBXSourcesBuildPhase;
			buildActionMask = 2147483647;
			files = (
				FF0000040000000000000000 /* ContentView.swift in Sources */,
				FF0000050000000000000000 /* NeuroPilotApp.swift in Sources */,
			);
			runOnlyForDeploymentPostprocessing = 0;
		};
/* End PBXSourcesBuildPhase section */

/* Begin XCBuildConfiguration section */
		EA26725E2FA03B5D009DB243 /* Debug */ = {
			isa = XCBuildConfiguration;
			buildSettings = {
				ALWAYS_SEARCH_USER_PATHS = NO;
				CLANG_ENABLE_MODULES = YES;
				CLANG_ENABLE_OBJC_ARC = YES;
				COPY_PHASE_STRIP = NO;
				DEBUG_INFORMATION_FORMAT = dwarf;
				ENABLE_STRICT_OBJC_MSGSEND = YES;
				ENABLE_TESTABILITY = YES;
				GCC_DYNAMIC_NO_PIC = NO;
				GCC_OPTIMIZATION_LEVEL = 0;
				GCC_PREPROCESSOR_DEFINITIONS = (
					"DEBUG=1",
					"$(inherited)",
				);
				MACOSX_DEPLOYMENT_TARGET = 14.0;
				MTL_ENABLE_DEBUG_INFO = INCLUDE_SOURCE;
				ONLY_ACTIVE_ARCH = YES;
				SDKROOT = macosx;
				SWIFT_ACTIVE_COMPILATION_CONDITIONS = "DEBUG $(inherited)";
				SWIFT_OPTIMIZATION_LEVEL = "-Onone";
			};
			name = Debug;
		};
		EA26725F2FA03B5D009DB243 /* Release */ = {
			isa = XCBuildConfiguration;
			buildSettings = {
				ALWAYS_SEARCH_USER_PATHS = NO;
				CLANG_ENABLE_MODULES = YES;
				CLANG_ENABLE_OBJC_ARC = YES;
				COPY_PHASE_STRIP = NO;
				DEBUG_INFORMATION_FORMAT = "dwarf-with-dsym";
				ENABLE_NS_ASSERTIONS = NO;
				ENABLE_STRICT_OBJC_MSGSEND = YES;
				MACOSX_DEPLOYMENT_TARGET = 14.0;
				MTL_ENABLE_DEBUG_INFO = NO;
				SDKROOT = macosx;
				SWIFT_COMPILATION_MODE = wholemodule;
			};
			name = Release;
		};
		EA2672612FA03B5D009DB243 /* Debug */ = {
			isa = XCBuildConfiguration;
			buildSettings = {
				ASSETCATALOG_COMPILER_APPICON_NAME = AppIcon;
				ASSETCATALOG_COMPILER_GLOBAL_ACCENT_COLOR_NAME = AccentColor;
				CODE_SIGN_STYLE = Automatic;
				COMBINE_HIDPI_IMAGES = YES;
				CURRENT_PROJECT_VERSION = 1;
				ENABLE_APP_SANDBOX = YES;
				ENABLE_PREVIEWS = YES;
				GENERATE_INFOPLIST_FILE = YES;
				INFOPLIST_KEY_NSHumanReadableCopyright = "";
				LD_RUNPATH_SEARCH_PATHS = (
					"$(inherited)",
					"@executable_path/../Frameworks",
				);
				MARKETING_VERSION = 1.0;
				PRODUCT_BUNDLE_IDENTIFIER = neuropilot.NeuroPilot;
				PRODUCT_NAME = "$(TARGET_NAME)";
				SWIFT_EMIT_LOC_STRINGS = YES;
				SWIFT_VERSION = 5.0;
			};
			name = Debug;
		};
		EA2672622FA03B5D009DB243 /* Release */ = {
			isa = XCBuildConfiguration;
			buildSettings = {
				ASSETCATALOG_COMPILER_APPICON_NAME = AppIcon;
				ASSETCATALOG_COMPILER_GLOBAL_ACCENT_COLOR_NAME = AccentColor;
				CODE_SIGN_STYLE = Automatic;
				COMBINE_HIDPI_IMAGES = YES;
				CURRENT_PROJECT_VERSION = 1;
				ENABLE_APP_SANDBOX = YES;
				ENABLE_PREVIEWS = YES;
				GENERATE_INFOPLIST_FILE = YES;
				INFOPLIST_KEY_NSHumanReadableCopyright = "";
				LD_RUNPATH_SEARCH_PATHS = (
					"$(inherited)",
					"@executable_path/../Frameworks",
				);
				MARKETING_VERSION = 1.0;
				PRODUCT_BUNDLE_IDENTIFIER = neuropilot.NeuroPilot;
				PRODUCT_NAME = "$(TARGET_NAME)";
				SWIFT_EMIT_LOC_STRINGS = YES;
				SWIFT_VERSION = 5.0;
			};
			name = Release;
		};
/* End XCBuildConfiguration section */

/* Begin XCConfigurationList section */
		EA2672502FA03B5D009DB243 /* Build configuration list for PBXProject "NeuroPilot" */ = {
			isa = XCConfigurationList;
			buildConfigurations = (
				EA26725E2FA03B5D009DB243 /* Debug */,
				EA26725F2FA03B5D009DB243 /* Release */,
			);
			defaultConfigurationIsVisible = 0;
			defaultConfigurationName = Release;
		};
		EA2672602FA03B5D009DB243 /* Build configuration list for PBXNativeTarget "NeuroPilot" */ = {
			isa = XCConfigurationList;
			buildConfigurations = (
				EA2672612FA03B5D009DB243 /* Debug */,
				EA2672622FA03B5D009DB243 /* Release */,
			);
			defaultConfigurationIsVisible = 0;
			defaultConfigurationName = Release;
		};
/* End XCConfigurationList section */
	};
	rootObject = EA26724D2FA03B5D009DB243 /* Project object */;
}
